
Microsoft Visual Studio Solution File, Format Version 12.00
# Visual Studio Version 17
VisualStudioVersion = 17.5.002.0
MinimumVisualStudioVersion = 10.0.40219.1
Project("{9A19103F-16F7-4668-BE54-9A1E7A4F7556}") = "BridgeApp", "BridgeApp\BridgeApp.csproj", "{A91BDB96-BBA0-4572-B1DE-2F4E65EEE06B}"
EndProject
Global
	GlobalSection(SolutionConfigurationPlatforms) = preSolution
		Debug|Any CPU = Debug|Any CPU
		Release|Any CPU = Release|Any CPU
	EndGlobalSection
	GlobalSection(ProjectConfigurationPlatforms) = postSolution
		{A91BDB96-BBA0-4572-B1DE-2F4E65EEE06B}.Debug|Any CPU.ActiveCfg = Debug|Any CPU
		{A91BDB96-BBA0-4572-B1DE-2F4E65EEE06B}.Debug|Any CPU.Build.0 = Debug|Any CPU
		{A91BDB96-BBA0-4572-B1DE-2F4E65EEE06B}.Release|Any CPU.ActiveCfg = Release|Any CPU
		{A91BDB96-BBA0-4572-B1DE-2F4E65EEE06B}.Release|Any CPU.Build.0 = Release|Any CPU
	EndGlobalSection
	GlobalSection(SolutionProperties) = preSolution
		HideSolutionNode = FALSE
	EndGlobalSection
	GlobalSection(ExtensibilityGlobals) = postSolution
		SolutionGuid = {C4808C51-902D-4E45-A353-F049E7230E86}
	EndGlobalSection
EndGlobal
